// !$*UTF8*$!
{
	archiveVersion = 1;
	classes = {
	};
	objectVersion = 46;
	objects = {

/* Begin PBXBuildFile section */
		324A024919CCD83F00D2E07A /* main.m in Sources */ = {isa = PBXBuildFile; fileRef = 324A024819CCD83F00D2E07A /* main.m */; };
		324A024C19CCD83F00D2E07A /* AppDelegate.m in Sources */ = {isa = PBXBuildFile; fileRef = 324A024B19CCD83F00D2E07A /* AppDelegate.m */; };
		324A024F19CCD83F00D2E07A /* ViewController.m in Sources */ = {isa = PBXBuildFile; fileRef = 324A024E19CCD83F00D2E07A /* ViewController.m */; };
		324A025219CCD83F00D2E07A /* Main.storyboard in Resources */ = {isa = PBXBuildFile; fileRef = 324A025019CCD83F00D2E07A /* Main.storyboard */; };
		324A025419CCD83F00D2E07A /* Images.xcassets in Resources */ = {isa = PBXBuildFile; fileRef = 324A025319CCD83F00D2E07A /* Images.xcassets */; };
		324A025719CCD83F00D2E07A /* LaunchScreen.xib in Resources */ = {isa = PBXBuildFile; fileRef = 324A025519CCD83F00D2E07A /* LaunchScreen.xib */; };
		324A026319CCD83F00D2E07A /* My_Bank_AppTests.m in Sources */ = {isa = PBXBuildFile; fileRef = 324A026219CCD83F00D2E07A /* My_Bank_AppTests.m */; };
		3257262B19D1E17C000F17E7 /* lock.png in Resources */ = {isa = PBXBuildFile; fileRef = 3257262919D1E17C000F17E7 /* lock.png */; };
		3257262C19D1E17C000F17E7 /* lock@2x.png in Resources */ = {isa = PBXBuildFile; fileRef = 3257262A19D1E17C000F17E7 /* lock@2x.png */; };
		3257262F19D2017C000F17E7 /* Bank_Logo@1x.png in Resources */ = {isa = PBXBuildFile; fileRef = 3257262D19D2017C000F17E7 /* Bank_Logo@1x.png */; };
		3257263019D2017C000F17E7 /* Icon_Tab.png in Resources */ = {isa = PBXBuildFile; fileRef = 3257262E19D2017C000F17E7 /* Icon_Tab.png */; };
		3257263319D20528000F17E7 /* SignupTableViewController.m in Sources */ = {isa = PBXBuildFile; fileRef = 3257263219D20528000F17E7 /* SignupTableViewController.m */; };
		3257263919D21E20000F17E7 /* KeeperTableViewCell.m in Sources */ = {isa = PBXBuildFile; fileRef = 3257263819D21E20000F17E7 /* KeeperTableViewCell.m */; };
		3257263C19D21F31000F17E7 /* ChangePasswordTableViewController.m in Sources */ = {isa = PBXBuildFile; fileRef = 3257263B19D21F31000F17E7 /* ChangePasswordTableViewController.m */; };
		3257263F19D2392E000F17E7 /* AccountInformation.m in Sources */ = {isa = PBXBuildFile; fileRef = 3257263E19D2392E000F17E7 /* AccountInformation.m */; };
		3257264219D23E5E000F17E7 /* AccountTableViewController.m in Sources */ = {isa = PBXBuildFile; fileRef = 3257264119D23E5E000F17E7 /* AccountTableViewController.m */; };
		32944F0119D38C5200E02114 /* en_US_Bank_Logo.png in Resources */ = {isa = PBXBuildFile; fileRef = 32944F0019D38C5200E02114 /* en_US_Bank_Logo.png */; };
		32944F0B19D3914300E02114 /* KeeperExtensionSDK.framework in Frameworks */ = {isa = PBXBuildFile; fileRef = 32944F0A19D3914300E02114 /* KeeperExtensionSDK.framework */; };
		32944F0C19D3914300E02114 /* KeeperExtensionSDK.framework in Embed Frameworks */ = {isa = PBXBuildFile; fileRef = 32944F0A19D3914300E02114 /* KeeperExtensionSDK.framework */; settings = {ATTRIBUTES = (CodeSignOnCopy, RemoveHeadersOnCopy, ); }; };
/* End PBXBuildFile section */

/* Begin PBXContainerItemProxy section */
		324A025D19CCD83F00D2E07A /* PBXContainerItemProxy */ = {
			isa = PBXContainerItemProxy;
			containerPortal = 324A023B19CCD83F00D2E07A /* Project object */;
			proxyType = 1;
			remoteGlobalIDString = 324A024219CCD83F00D2E07A;
			remoteInfo = "My Bank App";
		};
/* End PBXContainerItemProxy section */

/* Begin PBXCopyFilesBuildPhase section */
		32944F0419D38CFD00E02114 /* Embed Frameworks */ = {
			isa = PBXCopyFilesBuildPhase;
			buildActionMask = 2147483647;
			dstPath = "";
			dstSubfolderSpec = 10;
			files = (
				32944F0C19D3914300E02114 /* KeeperExtensionSDK.framework in Embed Frameworks */,
			);
			name = "Embed Frameworks";
			runOnlyForDeploymentPostprocessing = 0;
		};
/* End PBXCopyFilesBuildPhase section */

/* Begin PBXFileReference section */
		324A024319CCD83F00D2E07A /* My Bank App.app */ = {isa = PBXFileReference; explicitFileType = wrapper.application; includeInIndex = 0; path = "My Bank App.app"; sourceTree = BUILT_PRODUCTS_DIR; };
		324A024719CCD83F00D2E07A /* Info.plist */ = {isa = PBXFileReference; lastKnownFileType = text.plist.xml; path = Info.plist; sourceTree = "<group>"; };
		324A024819CCD83F00D2E07A /* main.m */ = {isa = PBXFileReference; lastKnownFileType = sourcecode.c.objc; path = main.m; sourceTree = "<group>"; };
		324A024A19CCD83F00D2E07A /* AppDelegate.h */ = {isa = PBXFileReference; lastKnownFileType = sourcecode.c.h; path = AppDelegate.h; sourceTree = "<group>"; };
		324A024B19CCD83F00D2E07A /* AppDelegate.m */ = {isa = PBXFileReference; lastKnownFileType = sourcecode.c.objc; path = AppDelegate.m; sourceTree = "<group>"; };
		324A024D19CCD83F00D2E07A /* ViewController.h */ = {isa = PBXFileReference; lastKnownFileType = sourcecode.c.h; path = ViewController.h; sourceTree = "<group>"; };
		324A024E19CCD83F00D2E07A /* ViewController.m */ = {isa = PBXFileReference; lastKnownFileType = sourcecode.c.objc; path = ViewController.m; sourceTree = "<group>"; };
		324A025119CCD83F00D2E07A /* Base */ = {isa = PBXFileReference; lastKnownFileType = file.storyboard; name = Base; path = Base.lproj/Main.storyboard; sourceTree = "<group>"; };
		324A025319CCD83F00D2E07A /* Images.xcassets */ = {isa = PBXFileReference; lastKnownFileType = folder.assetcatalog; path = Images.xcassets; sourceTree = "<group>"; };
		324A025619CCD83F00D2E07A /* Base */ = {isa = PBXFileReference; lastKnownFileType = file.xib; name = Base; path = Base.lproj/LaunchScreen.xib; sourceTree = "<group>"; };
		324A025C19CCD83F00D2E07A /* My Bank AppTests.xctest */ = {isa = PBXFileReference; explicitFileType = wrapper.cfbundle; includeInIndex = 0; path = "My Bank AppTests.xctest"; sourceTree = BUILT_PRODUCTS_DIR; };
		324A026119CCD83F00D2E07A /* Info.plist */ = {isa = PBXFileReference; lastKnownFileType = text.plist.xml; path = Info.plist; sourceTree = "<group>"; };
		324A026219CCD83F00D2E07A /* My_Bank_AppTests.m */ = {isa = PBXFileReference; lastKnownFileType = sourcecode.c.objc; path = My_Bank_AppTests.m; sourceTree = "<group>"; };
		3257262919D1E17C000F17E7 /* lock.png */ = {isa = PBXFileReference; lastKnownFileType = image.png; name = lock.png; path = Images/lock.png; sourceTree = "<group>"; };
		3257262A19D1E17C000F17E7 /* lock@2x.png */ = {isa = PBXFileReference; lastKnownFileType = image.png; name = "lock@2x.png"; path = "Images/lock@2x.png"; sourceTree = "<group>"; };
		3257262D19D2017C000F17E7 /* Bank_Logo@1x.png */ = {isa = PBXFileReference; lastKnownFileType = image.png; name = "Bank_Logo@1x.png"; path = "Images/Bank_Logo@1x.png"; sourceTree = "<group>"; };
		3257262E19D2017C000F17E7 /* Icon_Tab.png */ = {isa = PBXFileReference; lastKnownFileType = image.png; name = Icon_Tab.png; path = Images/Icon_Tab.png; sourceTree = "<group>"; };
		3257263119D20528000F17E7 /* SignupTableViewController.h */ = {isa = PBXFileReference; fileEncoding = 4; lastKnownFileType = sourcecode.c.h; path = SignupTableViewController.h; sourceTree = "<group>"; };
		3257263219D20528000F17E7 /* SignupTableViewController.m */ = {isa = PBXFileReference; fileEncoding = 4; lastKnownFileType = sourcecode.c.objc; path = SignupTableViewController.m; sourceTree = "<group>"; };
		3257263719D21E20000F17E7 /* KeeperTableViewCell.h */ = {isa = PBXFileReference; fileEncoding = 4; lastKnownFileType = sourcecode.c.h; path = KeeperTableViewCell.h; sourceTree = "<group>"; };
		3257263819D21E20000F17E7 /* KeeperTableViewCell.m */ = {isa = PBXFileReference; fileEncoding = 4; lastKnownFileType = sourcecode.c.objc; path = KeeperTableViewCell.m; sourceTree = "<group>"; };
		3257263A19D21F31000F17E7 /* ChangePasswordTableViewController.h */ = {isa = PBXFileReference; fileEncoding = 4; lastKnownFileType = sourcecode.c.h; path = ChangePasswordTableViewController.h; sourceTree = "<group>"; };
		3257263B19D21F31000F17E7 /* ChangePasswordTableViewController.m */ = {isa = PBXFileReference; fileEncoding = 4; lastKnownFileType = sourcecode.c.objc; path = ChangePasswordTableViewController.m; sourceTree = "<group>"; };
		3257263D19D2392E000F17E7 /* AccountInformation.h */ = {isa = PBXFileReference; fileEncoding = 4; lastKnownFileType = sourcecode.c.h; path = AccountInformation.h; sourceTree = "<group>"; };
		3257263E19D2392E000F17E7 /* AccountInformation.m */ = {isa = PBXFileReference; fileEncoding = 4; lastKnownFileType = sourcecode.c.objc; path = AccountInformation.m; sourceTree = "<group>"; };
		3257264019D23E5E000F17E7 /* AccountTableViewController.h */ = {isa = PBXFileReference; fileEncoding = 4; lastKnownFileType = sourcecode.c.h; path = AccountTableViewController.h; sourceTree = "<group>"; };
		3257264119D23E5E000F17E7 /* AccountTableViewController.m */ = {isa = PBXFileReference; fileEncoding = 4; lastKnownFileType = sourcecode.c.objc; path = AccountTableViewController.m; sourceTree = "<group>"; };
		32944F0019D38C5200E02114 /* en_US_Bank_Logo.png */ = {isa = PBXFileReference; lastKnownFileType = image.png; name = en_US_Bank_Logo.png; path = Images/en_US_Bank_Logo.png; sourceTree = "<group>"; };
		32944F0A19D3914300E02114 /* KeeperExtensionSDK.framework */ = {isa = PBXFileReference; lastKnownFileType = wrapper.framework; path = KeeperExtensionSDK.framework; sourceTree = "<group>"; };
/* End PBXFileReference section */

/* Begin PBXFrameworksBuildPhase section */
		324A024019CCD83F00D2E07A /* Frameworks */ = {
			isa = PBXFrameworksBuildPhase;
			buildActionMask = 2147483647;
			files = (
				32944F0B19D3914300E02114 /* KeeperExtensionSDK.framework in Frameworks */,
			);
			runOnlyForDeploymentPostprocessing = 0;
		};
		324A025919CCD83F00D2E07A /* Frameworks */ = {
			isa = PBXFrameworksBuildPhase;
			buildActionMask = 2147483647;
			files = (
			);
			runOnlyForDeploymentPostprocessing = 0;
		};
/* End PBXFrameworksBuildPhase section */

/* Begin PBXGroup section */
		324A023A19CCD83F00D2E07A = {
			isa = PBXGroup;
			children = (
				32944F0A19D3914300E02114 /* KeeperExtensionSDK.framework */,
				324A024519CCD83F00D2E07A /* My Bank App */,
				324A025F19CCD83F00D2E07A /* My Bank AppTests */,
				324A024419CCD83F00D2E07A /* Products */,
			);
			sourceTree = "<group>";
		};
		324A024419CCD83F00D2E07A /* Products */ = {
			isa = PBXGroup;
			children = (
				324A024319CCD83F00D2E07A /* My Bank App.app */,
				324A025C19CCD83F00D2E07A /* My Bank AppTests.xctest */,
			);
			name = Products;
			sourceTree = "<group>";
		};
		324A024519CCD83F00D2E07A /* My Bank App */ = {
			isa = PBXGroup;
			children = (
				324A026C19CCDBC600D2E07A /* Images */,
				324A024619CCD83F00D2E07A /* Supporting Files */,
				3257263719D21E20000F17E7 /* KeeperTableViewCell.h */,
				3257263819D21E20000F17E7 /* KeeperTableViewCell.m */,
				324A024A19CCD83F00D2E07A /* AppDelegate.h */,
				324A024B19CCD83F00D2E07A /* AppDelegate.m */,
				324A024D19CCD83F00D2E07A /* ViewController.h */,
				324A024E19CCD83F00D2E07A /* ViewController.m */,
				324A025019CCD83F00D2E07A /* Main.storyboard */,
				324A025319CCD83F00D2E07A /* Images.xcassets */,
				324A025519CCD83F00D2E07A /* LaunchScreen.xib */,
				3257263119D20528000F17E7 /* SignupTableViewController.h */,
				3257263219D20528000F17E7 /* SignupTableViewController.m */,
				3257263A19D21F31000F17E7 /* ChangePasswordTableViewController.h */,
				3257263B19D21F31000F17E7 /* ChangePasswordTableViewController.m */,
				3257263D19D2392E000F17E7 /* AccountInformation.h */,
				3257263E19D2392E000F17E7 /* AccountInformation.m */,
				3257264019D23E5E000F17E7 /* AccountTableViewController.h */,
				3257264119D23E5E000F17E7 /* AccountTableViewController.m */,
			);
			path = "My Bank App";
			sourceTree = "<group>";
		};
		324A024619CCD83F00D2E07A /* Supporting Files */ = {
			isa = PBXGroup;
			children = (
				324A024719CCD83F00D2E07A /* Info.plist */,
				324A024819CCD83F00D2E07A /* main.m */,
			);
			name = "Supporting Files";
			sourceTree = "<group>";
		};
		324A025F19CCD83F00D2E07A /* My Bank AppTests */ = {
			isa = PBXGroup;
			children = (
				324A026219CCD83F00D2E07A /* My_Bank_AppTests.m */,
				324A026019CCD83F00D2E07A /* Supporting Files */,
			);
			path = "My Bank AppTests";
			sourceTree = "<group>";
		};
		324A026019CCD83F00D2E07A /* Supporting Files */ = {
			isa = PBXGroup;
			children = (
				324A026119CCD83F00D2E07A /* Info.plist */,
			);
			name = "Supporting Files";
			sourceTree = "<group>";
		};
		324A026C19CCDBC600D2E07A /* Images */ = {
			isa = PBXGroup;
			children = (
				32944F0019D38C5200E02114 /* en_US_Bank_Logo.png */,
				3257262D19D2017C000F17E7 /* Bank_Logo@1x.png */,
				3257262E19D2017C000F17E7 /* Icon_Tab.png */,
				3257262919D1E17C000F17E7 /* lock.png */,
				3257262A19D1E17C000F17E7 /* lock@2x.png */,
			);
			name = Images;
			sourceTree = "<group>";
		};
/* End PBXGroup section */

/* Begin PBXNativeTarget section */
		324A024219CCD83F00D2E07A /* My Bank App */ = {
			isa = PBXNativeTarget;
			buildConfigurationList = 324A026619CCD83F00D2E07A /* Build configuration list for PBXNativeTarget "My Bank App" */;
			buildPhases = (
				324A023F19CCD83F00D2E07A /* Sources */,
				324A024019CCD83F00D2E07A /* Frameworks */,
				324A024119CCD83F00D2E07A /* Resources */,
				32944F0419D38CFD00E02114 /* Embed Frameworks */,
			);
			buildRules = (
			);
			dependencies = (
			);
			name = "My Bank App";
			productName = "My Bank App";
			productReference = 324A024319CCD83F00D2E07A /* My Bank App.app */;
			productType = "com.apple.product-type.application";
		};
		324A025B19CCD83F00D2E07A /* My Bank AppTests */ = {
			isa = PBXNativeTarget;
			buildConfigurationList = 324A026919CCD83F00D2E07A /* Build configuration list for PBXNativeTarget "My Bank AppTests" */;
			buildPhases = (
				324A025819CCD83F00D2E07A /* Sources */,
				324A025919CCD83F00D2E07A /* Frameworks */,
				324A025A19CCD83F00D2E07A /* Resources */,
			);
			buildRules = (
			);
			dependencies = (
				324A025E19CCD83F00D2E07A /* PBXTargetDependency */,
			);
			name = "My Bank AppTests";
			productName = "My Bank AppTests";
			productReference = 324A025C19CCD83F00D2E07A /* My Bank AppTests.xctest */;
			productType = "com.apple.product-type.bundle.unit-test";
		};
/* End PBXNativeTarget section */

/* Begin PBXProject section */
		324A023B19CCD83F00D2E07A /* Project object */ = {
			isa = PBXProject;
			attributes = {
				LastUpgradeCheck = 0600;
				ORGANIZATIONNAME = "Callpod, Inc.";
				TargetAttributes = {
					324A024219CCD83F00D2E07A = {
						CreatedOnToolsVersion = 6.0.1;
					};
					324A025B19CCD83F00D2E07A = {
						CreatedOnToolsVersion = 6.0.1;
						TestTargetID = 324A024219CCD83F00D2E07A;
					};
				};
			};
			buildConfigurationList = 324A023E19CCD83F00D2E07A /* Build configuration list for PBXProject "My Bank App" */;
			compatibilityVersion = "Xcode 3.2";
			developmentRegion = English;
			hasScannedForEncodings = 0;
			knownRegions = (
				en,
				Base,
			);
			mainGroup = 324A023A19CCD83F00D2E07A;
			productRefGroup = 324A024419CCD83F00D2E07A /* Products */;
			projectDirPath = "";
			projectRoot = "";
			targets = (
				324A024219CCD83F00D2E07A /* My Bank App */,
				324A025B19CCD83F00D2E07A /* My Bank AppTests */,
			);
		};
/* End PBXProject section */

/* Begin PBXResourcesBuildPhase section */
		324A024119CCD83F00D2E07A /* Resources */ = {
			isa = PBXResourcesBuildPhase;
			buildActionMask = 2147483647;
			files = (
				324A025219CCD83F00D2E07A /* Main.storyboard in Resources */,
				3257262C19D1E17C000F17E7 /* lock@2x.png in Resources */,
				3257262F19D2017C000F17E7 /* Bank_Logo@1x.png in Resources */,
				32944F0119D38C5200E02114 /* en_US_Bank_Logo.png in Resources */,
				3257262B19D1E17C000F17E7 /* lock.png in Resources */,
				324A025719CCD83F00D2E07A /* LaunchScreen.xib in Resources */,
				324A025419CCD83F00D2E07A /* Images.xcassets in Resources */,
				3257263019D2017C000F17E7 /* Icon_Tab.png in Resources */,
			);
			runOnlyForDeploymentPostprocessing = 0;
		};
		324A025A19CCD83F00D2E07A /* Resources */ = {
			isa = PBXResourcesBuildPhase;
			buildActionMask = 2147483647;
			files = (
			);
			runOnlyForDeploymentPostprocessing = 0;
		};
/* End PBXResourcesBuildPhase section */

/* Begin PBXSourcesBuildPhase section */
		324A023F19CCD83F00D2E07A /* Sources */ = {
			isa = PBXSourcesBuildPhase;
			buildActionMask = 2147483647;
			files = (
				3257263319D20528000F17E7 /* SignupTableViewController.m in Sources */,
				3257263F19D2392E000F17E7 /* AccountInformation.m in Sources */,
				324A024F19CCD83F00D2E07A /* ViewController.m in Sources */,
				3257264219D23E5E000F17E7 /* AccountTableViewController.m in Sources */,
				324A024C19CCD83F00D2E07A /* AppDelegate.m in Sources */,
				324A024919CCD83F00D2E07A /* main.m in Sources */,
				3257263C19D21F31000F17E7 /* ChangePasswordTableViewController.m in Sources */,
				3257263919D21E20000F17E7 /* KeeperTableViewCell.m in Sources */,
			);
			runOnlyForDeploymentPostprocessing = 0;
		};
		324A025819CCD83F00D2E07A /* Sources */ = {
			isa = PBXSourcesBuildPhase;
			buildActionMask = 2147483647;
			files = (
				324A026319CCD83F00D2E07A /* My_Bank_AppTests.m in Sources */,
			);
			runOnlyForDeploymentPostprocessing = 0;
		};
/* End PBXSourcesBuildPhase section */

/* Begin PBXTargetDependency section */
		324A025E19CCD83F00D2E07A /* PBXTargetDependency */ = {
			isa = PBXTargetDependency;
			target = 324A024219CCD83F00D2E07A /* My Bank App */;
			targetProxy = 324A025D19CCD83F00D2E07A /* PBXContainerItemProxy */;
		};
/* End PBXTargetDependency section */

/* Begin PBXVariantGroup section */
		324A025019CCD83F00D2E07A /* Main.storyboard */ = {
			isa = PBXVariantGroup;
			children = (
				324A025119CCD83F00D2E07A /* Base */,
			);
			name = Main.storyboard;
			sourceTree = "<group>";
		};
		324A025519CCD83F00D2E07A /* LaunchScreen.xib */ = {
			isa = PBXVariantGroup;
			children = (
				324A025619CCD83F00D2E07A /* Base */,
			);
			name = LaunchScreen.xib;
			sourceTree = "<group>";
		};
/* End PBXVariantGroup section */

/* Begin XCBuildConfiguration section */
		324A026419CCD83F00D2E07A /* Debug */ = {
			isa = XCBuildConfiguration;
			buildSettings = {
				ALWAYS_SEARCH_USER_PATHS = NO;
				CLANG_CXX_LANGUAGE_STANDARD = "gnu++0x";
				CLANG_CXX_LIBRARY = "libc++";
				CLANG_ENABLE_MODULES = YES;
				CLANG_ENABLE_OBJC_ARC = YES;
				CLANG_WARN_BOOL_CONVERSION = YES;
				CLANG_WARN_CONSTANT_CONVERSION = YES;
				CLANG_WARN_DIRECT_OBJC_ISA_USAGE = YES_ERROR;
				CLANG_WARN_EMPTY_BODY = YES;
				CLANG_WARN_ENUM_CONVERSION = YES;
				CLANG_WARN_INT_CONVERSION = YES;
				CLANG_WARN_OBJC_ROOT_CLASS = YES_ERROR;
				CLANG_WARN_UNREACHABLE_CODE = YES;
				CLANG_WARN__DUPLICATE_METHOD_MATCH = YES;
				"CODE_SIGN_IDENTITY[sdk=iphoneos*]" = "iPhone Developer";
				COPY_PHASE_STRIP = NO;
				ENABLE_STRICT_OBJC_MSGSEND = YES;
				GCC_C_LANGUAGE_STANDARD = gnu99;
				GCC_DYNAMIC_NO_PIC = NO;
				GCC_OPTIMIZATION_LEVEL = 0;
				GCC_PREPROCESSOR_DEFINITIONS = (
					"DEBUG=1",
					"$(inherited)",
				);
				GCC_SYMBOLS_PRIVATE_EXTERN = NO;
				GCC_WARN_64_TO_32_BIT_CONVERSION = YES;
				GCC_WARN_ABOUT_RETURN_TYPE = YES_ERROR;
				GCC_WARN_UNDECLARED_SELECTOR = YES;
				GCC_WARN_UNINITIALIZED_AUTOS = YES_AGGRESSIVE;
				GCC_WARN_UNUSED_FUNCTION = YES;
				GCC_WARN_UNUSED_VARIABLE = YES;
				IPHONEOS_DEPLOYMENT_TARGET = 8.0;
				MTL_ENABLE_DEBUG_INFO = YES;
				ONLY_ACTIVE_ARCH = YES;
				SDKROOT = iphoneos;
				TARGETED_DEVICE_FAMILY = "1,2";
			};
			name = Debug;
		};
		324A026519CCD83F00D2E07A /* Release */ = {
			isa = XCBuildConfiguration;
			buildSettings = {
				ALWAYS_SEARCH_USER_PATHS = NO;
				CLANG_CXX_LANGUAGE_STANDARD = "gnu++0x";
				CLANG_CXX_LIBRARY = "libc++";
				CLANG_ENABLE_MODULES = YES;
				CLANG_ENABLE_OBJC_ARC = YES;
				CLANG_WARN_BOOL_CONVERSION = YES;
				CLANG_WARN_CONSTANT_CONVERSION = YES;
				CLANG_WARN_DIRECT_OBJC_ISA_USAGE = YES_ERROR;
				CLANG_WARN_EMPTY_BODY = YES;
				CLANG_WARN_ENUM_CONVERSION = YES;
				CLANG_WARN_INT_CONVERSION = YES;
				CLANG_WARN_OBJC_ROOT_CLASS = YES_ERROR;
				CLANG_WARN_UNREACHABLE_CODE = YES;
				CLANG_WARN__DUPLICATE_METHOD_MATCH = YES;
				"CODE_SIGN_IDENTITY[sdk=iphoneos*]" = "iPhone Developer";
				COPY_PHASE_STRIP = YES;
				ENABLE_NS_ASSERTIONS = NO;
				ENABLE_STRICT_OBJC_MSGSEND = YES;
				GCC_C_LANGUAGE_STANDARD = gnu99;
				GCC_WARN_64_TO_32_BIT_CONVERSION = YES;
				GCC_WARN_ABOUT_RETURN_TYPE = YES_ERROR;
				GCC_WARN_UNDECLARED_SELECTOR = YES;
				GCC_WARN_UNINITIALIZED_AUTOS = YES_AGGRESSIVE;
				GCC_WARN_UNUSED_FUNCTION = YES;
				GCC_WARN_UNUSED_VARIABLE = YES;
				IPHONEOS_DEPLOYMENT_TARGET = 8.0;
				MTL_ENABLE_DEBUG_INFO = NO;
				SDKROOT = iphoneos;
				TARGETED_DEVICE_FAMILY = "1,2";
				VALIDATE_PRODUCT = YES;
			};
			name = Release;
		};
		324A026719CCD83F00D2E07A /* Debug */ = {
			isa = XCBuildConfiguration;
			buildSettings = {
				ASSETCATALOG_COMPILER_APPICON_NAME = AppIcon;
				FRAMEWORK_SEARCH_PATHS = "$(PROJECT_DIR)";
				"FRAMEWORK_SEARCH_PATHS[arch=*]" = "$(inherited)";
				INFOPLIST_FILE = "My Bank App/Info.plist";
				LD_RUNPATH_SEARCH_PATHS = "$(inherited) @executable_path/Frameworks";
				PRODUCT_NAME = "$(TARGET_NAME)";
			};
			name = Debug;
		};
		324A026819CCD83F00D2E07A /* Release */ = {
			isa = XCBuildConfiguration;
			buildSettings = {
				ASSETCATALOG_COMPILER_APPICON_NAME = AppIcon;
				FRAMEWORK_SEARCH_PATHS = (
					"$(PROJECT_DIR)/My",
					Bank,
					App,
					"$(PROJECT_DIR)",
				);
				"FRAMEWORK_SEARCH_PATHS[arch=*]" = "";
				INFOPLIST_FILE = "My Bank App/Info.plist";
				LD_RUNPATH_SEARCH_PATHS = "$(inherited) @executable_path/Frameworks";
				PRODUCT_NAME = "$(TARGET_NAME)";
			};
			name = Release;
		};
		324A026A19CCD83F00D2E07A /* Debug */ = {
			isa = XCBuildConfiguration;
			buildSettings = {
				BUNDLE_LOADER = "$(TEST_HOST)";
				FRAMEWORK_SEARCH_PATHS = (
					"$(SDKROOT)/Developer/Library/Frameworks",
					"$(inherited)",
				);
				GCC_PREPROCESSOR_DEFINITIONS = (
					"DEBUG=1",
					"$(inherited)",
				);
				INFOPLIST_FILE = "My Bank AppTests/Info.plist";
				LD_RUNPATH_SEARCH_PATHS = "$(inherited) @executable_path/Frameworks @loader_path/Frameworks";
				PRODUCT_NAME = "$(TARGET_NAME)";
				TEST_HOST = "$(BUILT_PRODUCTS_DIR)/My Bank App.app/My Bank App";
			};
			name = Debug;
		};
		324A026B19CCD83F00D2E07A /* Release */ = {
			isa = XCBuildConfiguration;
			buildSettings = {
				BUNDLE_LOADER = "$(TEST_HOST)";
				FRAMEWORK_SEARCH_PATHS = (
					"$(SDKROOT)/Developer/Library/Frameworks",
					"$(inherited)",
				);
				INFOPLIST_FILE = "My Bank AppTests/Info.plist";
				LD_RUNPATH_SEARCH_PATHS = "$(inherited) @executable_path/Frameworks @loader_path/Frameworks";
				PRODUCT_NAME = "$(TARGET_NAME)";
				TEST_HOST = "$(BUILT_PRODUCTS_DIR)/My Bank App.app/My Bank App";
			};
			name = Release;
		};
/* End XCBuildConfiguration section */

/* Begin XCConfigurationList section */
		324A023E19CCD83F00D2E07A /* Build configuration list for PBXProject "My Bank App" */ = {
			isa = XCConfigurationList;
			buildConfigurations = (
				324A026419CCD83F00D2E07A /* Debug */,
				324A026519CCD83F00D2E07A /* Release */,
			);
			defaultConfigurationIsVisible = 0;
			defaultConfigurationName = Release;
		};
		324A026619CCD83F00D2E07A /* Build configuration list for PBXNativeTarget "My Bank App" */ = {
			isa = XCConfigurationList;
			buildConfigurations = (
				324A026719CCD83F00D2E07A /* Debug */,
				324A026819CCD83F00D2E07A /* Release */,
			);
			defaultConfigurationIsVisible = 0;
			defaultConfigurationName = Release;
		};
		324A026919CCD83F00D2E07A /* Build configuration list for PBXNativeTarget "My Bank AppTests" */ = {
			isa = XCConfigurationList;
			buildConfigurations = (
				324A026A19CCD83F00D2E07A /* Debug */,
				324A026B19CCD83F00D2E07A /* Release */,
			);
			defaultConfigurationIsVisible = 0;
			defaultConfigurationName = Release;
		};
/* End XCConfigurationList section */
	};
	rootObject = 324A023B19CCD83F00D2E07A /* Project object */;
}
